
Microsoft Visual Studio Solution File, Format Version 12.00
# Visual Studio Version 17
VisualStudioVersion = 17.4.33103.184
MinimumVisualStudioVersion = 10.0.40219.1
Project("{9A19103F-16F7-4668-BE54-9A1E7A4F7556}") = "PVXML", "PVXML\PVXML.csproj", "{C8C498DF-A51A-49E3-A0F0-A66A3EF9B94D}"
EndProject
Project("{9A19103F-16F7-4668-BE54-9A1E7A4F7556}") = "Report2P", "Report2P\Report2P.csproj", "{730101FD-4FE6-41AD-86C0-2B2EA266564B}"
EndProject
Global
	GlobalSection(SolutionConfigurationPlatforms) = preSolution
		Debug|Any CPU = Debug|Any CPU
		Release|Any CPU = Release|Any CPU
	EndGlobalSection
	GlobalSection(ProjectConfigurationPlatforms) = postSolution
		{C8C498DF-A51A-49E3-A0F0-A66A3EF9B94D}.Debug|Any CPU.ActiveCfg = Debug|Any CPU
		{C8C498DF-A51A-49E3-A0F0-A66A3EF9B94D}.Debug|Any CPU.Build.0 = Debug|Any CPU
		{C8C498DF-A51A-49E3-A0F0-A66A3EF9B94D}.Release|Any CPU.ActiveCfg = Release|Any CPU
		{C8C498DF-A51A-49E3-A0F0-A66A3EF9B94D}.Release|Any CPU.Build.0 = Release|Any CPU
		{730101FD-4FE6-41AD-86C0-2B2EA266564B}.Debug|Any CPU.ActiveCfg = Debug|Any CPU
		{730101FD-4FE6-41AD-86C0-2B2EA266564B}.Debug|Any CPU.Build.0 = Debug|Any CPU
		{730101FD-4FE6-41AD-86C0-2B2EA266564B}.Release|Any CPU.ActiveCfg = Release|Any CPU
		{730101FD-4FE6-41AD-86C0-2B2EA266564B}.Release|Any CPU.Build.0 = Release|Any CPU
	EndGlobalSection
	GlobalSection(SolutionProperties) = preSolution
		HideSolutionNode = FALSE
	EndGlobalSection
	GlobalSection(ExtensibilityGlobals) = postSolution
		SolutionGuid = {2B870978-1B2D-417A-8A19-DDF229CE1AB7}
	EndGlobalSection
EndGlobal
